// !$*UTF8*$!
{
	archiveVersion = 1;
	classes = {
	};
	objectVersion = 77;
	objects = {

/* Begin PBXContainerItemProxy section */
		E82B1AFB2EE9DD5000663953 /* PBXContainerItemProxy */ = {
			isa = PBXContainerItemProxy;
			containerPortal = E82B1AE42EE9DD4F00663953 /* Project object */;
			proxyType = 1;
			remoteGlobalIDString = E82B1AEB2EE9DD4F00663953;
			remoteInfo = AutoQuitController;
		};
		E82B1B052EE9DD5000663953 /* PBXContainerItemProxy */ = {
			isa = PBXContainerItemProxy;
			containerPortal = E82B1AE42EE9DD4F00663953 /* Project object */;
			proxyType = 1;
			remoteGlobalIDString = E82B1AEB2EE9DD4F00663953;
			remoteInfo = AutoQuitController;
		};
/* End PBXContainerItemProxy section */

/* Begin PBXFileReference section */
		E82B1AEC2EE9DD4F00663953 /* AutoQuitController.app */ = {isa = PBXFileReference; explicitFileType = wrapper.application; includeInIndex = 0; path = AutoQuitController.app; sourceTree = BUILT_PRODUCTS_DIR; };
		E82B1AFA2EE9DD5000663953 /* AutoQuitControllerTests.xctest */ = {isa = PBXFileReference; explicitFileType = wrapper.cfbundle; includeInIndex = 0; path = AutoQuitControllerTests.xctest; sourceTree = BUILT_PRODUCTS_DIR; };
		E82B1B042EE9DD5000663953 /* AutoQuitControllerUITests.xctest */ = {isa = PBXFileReference; explicitFileType = wrapper.cfbundle; includeInIndex = 0; path = AutoQuitControllerUITests.xctest; sourceTree = BUILT_PRODUCTS_DIR; };
/* End PBXFileReference section */

/* Begin PBXFileSystemSynchronizedRootGroup section */
		E82B1AEE2EE9DD4F00663953 /* AutoQuitController */ = {
			isa = PBXFileSystemSynchronizedRootGroup;
			path = AutoQuitController;
			sourceTree = "<group>";
		};
		E82B1AFD2EE9DD5000663953 /* AutoQuitControllerTests */ = {
			isa = PBXFileSystemSynchronizedRootGroup;
			path = AutoQuitControllerTests;
			sourceTree = "<group>";
		};
		E82B1B072EE9DD5000663953 /* AutoQuitControllerUITests */ = {
			isa = PBXFileSystemSynchronizedRootGroup;
			path = AutoQuitControllerUITests;
			sourceTree = "<group>";
		};
/* End PBXFileSystemSynchronizedRootGroup section */

/* Begin PBXFrameworksBuildPhase section */
		E82B1AE92EE9DD4F00663953 /* Frameworks */ = {
			isa = PBXFrameworksBuildPhase;
			buildActionMask = 2147483647;
			files = (
			);
			runOnlyForDeploymentPostprocessing = 0;
		};
		E82B1AF72EE9DD5000663953 /* Frameworks */ = {
			isa = PBXFrameworksBuildPhase;
			buildActionMask = 2147483647;
			files = (
			);
			runOnlyForDeploymentPostprocessing = 0;
		};
		E82B1B012EE9DD5000663953 /* Frameworks */ = {
			isa = PBXFrameworksBuildPhase;
			buildActionMask = 2147483647;
			files = (
			);
			runOnlyForDeploymentPostprocessing = 0;
		};
/* End PBXFrameworksBuildPhase section */

/* Begin PBXGroup section */
		E82B1AE32EE9DD4F00663953 = {
			isa = PBXGroup;
			children = (
				E82B1AEE2EE9DD4F00663953 /* AutoQuitController */,
				E82B1AFD2EE9DD5000663953 /* AutoQuitControllerTests */,
				E82B1B072EE9DD5000663953 /* AutoQuitControllerUITests */,
				E82B1AED2EE9DD4F00663953 /* Products */,
			);
			sourceTree = "<group>";
		};
		E82B1AED2EE9DD4F00663953 /* Products */ = {
			isa = PBXGroup;
			children = (
				E82B1AEC2EE9DD4F00663953 /* AutoQuitController.app */,
				E82B1AFA2EE9DD5000663953 /* AutoQuitControllerTests.xctest */,
				E82B1B042EE9DD5000663953 /* AutoQuitControllerUITests.xctest */,
			);
			name = Products;
			sourceTree = "<group>";
		};
/* End PBXGroup section */

/* Begin PBXNativeTarget section */
		E82B1AEB2EE9DD4F00663953 /* AutoQuitController */ = {
			isa = PBXNativeTarget;
			buildConfigurationList = E82B1B0E2EE9DD5000663953 /* Build configuration list for PBXNativeTarget "AutoQuitController" */;
			buildPhases = (
				E82B1AE82EE9DD4F00663953 /* Sources */,
				E82B1AE92EE9DD4F00663953 /* Frameworks */,
				E82B1AEA2EE9DD4F00663953 /* Resources */,
			);
			buildRules = (
			);
			dependencies = (
			);
			fileSystemSynchronizedGroups = (
				E82B1AEE2EE9DD4F00663953 /* AutoQuitController */,
			);
			name = AutoQuitController;
			packageProductDependencies = (
			);
			productName = AutoQuitController;
			productReference = E82B1AEC2EE9DD4F00663953 /* AutoQuitController.app */;
			productType = "com.apple.product-type.application";
		};
		E82B1AF92EE9DD5000663953 /* AutoQuitControllerTests */ = {
			isa = PBXNativeTarget;
			buildConfigurationList = E82B1B112EE9DD5000663953 /* Build configuration list for PBXNativeTarget "AutoQuitControllerTests" */;
			buildPhases = (
				E82B1AF62EE9DD5000663953 /* Sources */,
				E82B1AF72EE9DD5000663953 /* Frameworks */,
				E82B1AF82EE9DD5000663953 /* Resources */,
			);
			buildRules = (
			);
			dependencies = (
				E82B1AFC2EE9DD5000663953 /* PBXTargetDependency */,
			);
			fileSystemSynchronizedGroups = (
				E82B1AFD2EE9DD5000663953 /* AutoQuitControllerTests */,
			);
			name = AutoQuitControllerTests;
			packageProductDependencies = (
			);
			productName = AutoQuitControllerTests;
			productReference = E82B1AFA2EE9DD5000663953 /* AutoQuitControllerTests.xctest */;
			productType = "com.apple.product-type.bundle.unit-test";
		};
		E82B1B032EE9DD5000663953 /* AutoQuitControllerUITests */ = {
			isa = PBXNativeTarget;
			buildConfigurationList = E82B1B142EE9DD5000663953 /* Build configuration list for PBXNativeTarget "AutoQuitControllerUITests" */;
			buildPhases = (
				E82B1B002EE9DD5000663953 /* Sources */,
				E82B1B012EE9DD5000663953 /* Frameworks */,
				E82B1B022EE9DD5000663953 /* Resources */,
			);
			buildRules = (
			);
			dependencies = (
				E82B1B062EE9DD5000663953 /* PBXTargetDependency */,
			);
			fileSystemSynchronizedGroups = (
				E82B1B072EE9DD5000663953 /* AutoQuitControllerUITests */,
			);
			name = AutoQuitControllerUITests;
			packageProductDependencies = (
			);
			productName = AutoQuitControllerUITests;
			productReference = E82B1B042EE9DD5000663953 /* AutoQuitControllerUITests.xctest */;
			productType = "com.apple.product-type.bundle.ui-testing";
		};
/* End PBXNativeTarget section */

/* Begin PBXProject section */
		E82B1AE42EE9DD4F00663953 /* Project object */ = {
			isa = PBXProject;
			attributes = {
				BuildIndependentTargetsInParallel = 1;
				LastSwiftUpdateCheck = 1640;
				LastUpgradeCheck = 1640;
				TargetAttributes = {
					E82B1AEB2EE9DD4F00663953 = {
						CreatedOnToolsVersion = 16.4;
					};
					E82B1AF92EE9DD5000663953 = {
						CreatedOnToolsVersion = 16.4;
						TestTargetID = E82B1AEB2EE9DD4F00663953;
					};
					E82B1B032EE9DD5000663953 = {
						CreatedOnToolsVersion = 16.4;
						TestTargetID = E82B1AEB2EE9DD4F00663953;
					};
				};
			};
			buildConfigurationList = E82B1AE72EE9DD4F00663953 /* Build configuration list for PBXProject "AutoQuitController" */;
			developmentRegion = en;
			hasScannedForEncodings = 0;
			knownRegions = (
				en,
				Base,
			);
			mainGroup = E82B1AE32EE9DD4F00663953;
			minimizedProjectReferenceProxies = 1;
			preferredProjectObjectVersion = 77;
			productRefGroup = E82B1AED2EE9DD4F00663953 /* Products */;
			projectDirPath = "";
			projectRoot = "";
			targets = (
				E82B1AEB2EE9DD4F00663953 /* AutoQuitController */,
				E82B1AF92EE9DD5000663953 /* AutoQuitControllerTests */,
				E82B1B032EE9DD5000663953 /* AutoQuitControllerUITests */,
			);
		};
/* End PBXProject section */

/* Begin PBXResourcesBuildPhase section */
		E82B1AEA2EE9DD4F00663953 /* Resources */ = {
			isa = PBXResourcesBuildPhase;
			buildActionMask = 2147483647;
			files = (
			);
			runOnlyForDeploymentPostprocessing = 0;
		};
		E82B1AF82EE9DD5000663953 /* Resources */ = {
			isa = PBXResourcesBuildPhase;
			buildActionMask = 2147483647;
			files = (
			);
			runOnlyForDeploymentPostprocessing = 0;
		};
		E82B1B022EE9DD5000663953 /* Resources */ = {
			isa = PBXResourcesBuildPhase;
			buildActionMask = 2147483647;
			files = (
			);
			runOnlyForDeploymentPostprocessing = 0;
		};
/* End PBXResourcesBuildPhase section */

/* Begin PBXSourcesBuildPhase section */
		E82B1AE82EE9DD4F00663953 /* Sources */ = {
			isa = PBXSourcesBuildPhase;
			buildActionMask = 2147483647;
			files = (
			);
			runOnlyForDeploymentPostprocessing = 0;
		};
		E82B1AF62EE9DD5000663953 /* Sources */ = {
			isa = PBXSourcesBuildPhase;
			buildActionMask = 2147483647;
			files = (
			);
			runOnlyForDeploymentPostprocessing = 0;
		};
		E82B1B002EE9DD5000663953 /* Sources */ = {
			isa = PBXSourcesBuildPhase;
			buildActionMask = 2147483647;
			files = (
			);
			runOnlyForDeploymentPostprocessing = 0;
		};
/* End PBXSourcesBuildPhase section */

/* Begin PBXTargetDependency section */
		E82B1AFC2EE9DD5000663953 /* PBXTargetDependency */ = {
			isa = PBXTargetDependency;
			target = E82B1AEB2EE9DD4F00663953 /* AutoQuitController */;
			targetProxy = E82B1AFB2EE9DD5000663953 /* PBXContainerItemProxy */;
		};
		E82B1B062EE9DD5000663953 /* PBXTargetDependency */ = {
			isa = PBXTargetDependency;
			target = E82B1AEB2EE9DD4F00663953 /* AutoQuitController */;
			targetProxy = E82B1B052EE9DD5000663953 /* PBXContainerItemProxy */;
		};
/* End PBXTargetDependency section */

/* Begin XCBuildConfiguration section */
		E82B1B0C2EE9DD5000663953 /* Debug */ = {
			isa = XCBuildConfiguration;
			buildSettings = {
				ALWAYS_SEARCH_USER_PATHS = NO;
				ASSETCATALOG_COMPILER_GENERATE_SWIFT_ASSET_SYMBOL_EXTENSIONS = YES;
				CLANG_ANALYZER_NONNULL = YES;
				CLANG_ANALYZER_NUMBER_OBJECT_CONVERSION = YES_AGGRESSIVE;
				CLANG_CXX_LANGUAGE_STANDARD = "gnu++20";
				CLANG_ENABLE_MODULES = YES;
				CLANG_ENABLE_OBJC_ARC = YES;
				CLANG_ENABLE_OBJC_WEAK = YES;
				CLANG_WARN_BLOCK_CAPTURE_AUTORELEASING = YES;
				CLANG_WARN_BOOL_CONVERSION = YES;
				CLANG_WARN_COMMA = YES;
				CLANG_WARN_CONSTANT_CONVERSION = YES;
				CLANG_WARN_DEPRECATED_OBJC_IMPLEMENTATIONS = YES;
				CLANG_WARN_DIRECT_OBJC_ISA_USAGE = YES_ERROR;
				CLANG_WARN_DOCUMENTATION_COMMENTS = YES;
				CLANG_WARN_EMPTY_BODY = YES;
				CLANG_WARN_ENUM_CONVERSION = YES;
				CLANG_WARN_INFINITE_RECURSION = YES;
				CLANG_WARN_INT_CONVERSION = YES;
				CLANG_WARN_NON_LITERAL_NULL_CONVERSION = YES;
				CLANG_WARN_OBJC_IMPLICIT_RETAIN_SELF = YES;
				CLANG_WARN_OBJC_LITERAL_CONVERSION = YES;
				CLANG_WARN_OBJC_ROOT_CLASS = YES_ERROR;
				CLANG_WARN_QUOTED_INCLUDE_IN_FRAMEWORK_HEADER = YES;
				CLANG_WARN_RANGE_LOOP_ANALYSIS = YES;
				CLANG_WARN_STRICT_PROTOTYPES = YES;
				CLANG_WARN_SUSPICIOUS_MOVE = YES;
				CLANG_WARN_UNGUARDED_AVAILABILITY = YES_AGGRESSIVE;
				CLANG_WARN_UNREACHABLE_CODE = YES;
				CLANG_WARN__DUPLICATE_METHOD_MATCH = YES;
				COPY_PHASE_STRIP = NO;
				DEBUG_INFORMATION_FORMAT = dwarf;
				DEVELOPMENT_TEAM = 4PH45P8V5Q;
				ENABLE_STRICT_OBJC_MSGSEND = YES;
				ENABLE_TESTABILITY = YES;
				ENABLE_USER_SCRIPT_SANDBOXING = YES;
				GCC_C_LANGUAGE_STANDARD = gnu17;
				GCC_DYNAMIC_NO_PIC = NO;
				GCC_NO_COMMON_BLOCKS = YES;
				GCC_OPTIMIZATION_LEVEL = 0;
				GCC_PREPROCESSOR_DEFINITIONS = (
					"DEBUG=1",
					"$(inherited)",
				);
				GCC_WARN_64_TO_32_BIT_CONVERSION = YES;
				GCC_WARN_ABOUT_RETURN_TYPE = YES_ERROR;
				GCC_WARN_UNDECLARED_SELECTOR = YES;
				GCC_WARN_UNINITIALIZED_AUTOS = YES_AGGRESSIVE;
				GCC_WARN_UNUSED_FUNCTION = YES;
				GCC_WARN_UNUSED_VARIABLE = YES;
				LOCALIZATION_PREFERS_STRING_CATALOGS = YES;
				MACOSX_DEPLOYMENT_TARGET = 15.5;
				MTL_ENABLE_DEBUG_INFO = INCLUDE_SOURCE;
				MTL_FAST_MATH = YES;
				ONLY_ACTIVE_ARCH = YES;
				SDKROOT = macosx;
				SWIFT_ACTIVE_COMPILATION_CONDITIONS = "DEBUG $(inherited)";
				SWIFT_OPTIMIZATION_LEVEL = "-Onone";
			};
			name = Debug;
		};
		E82B1B0D2EE9DD5000663953 /* Release */ = {
			isa = XCBuildConfiguration;
			buildSettings = {
				ALWAYS_SEARCH_USER_PATHS = NO;
				ASSETCATALOG_COMPILER_GENERATE_SWIFT_ASSET_SYMBOL_EXTENSIONS = YES;
				CLANG_ANALYZER_NONNULL = YES;
				CLANG_ANALYZER_NUMBER_OBJECT_CONVERSION = YES_AGGRESSIVE;
				CLANG_CXX_LANGUAGE_STANDARD = "gnu++20";
				CLANG_ENABLE_MODULES = YES;
				CLANG_ENABLE_OBJC_ARC = YES;
				CLANG_ENABLE_OBJC_WEAK = YES;
				CLANG_WARN_BLOCK_CAPTURE_AUTORELEASING = YES;
				CLANG_WARN_BOOL_CONVERSION = YES;
				CLANG_WARN_COMMA = YES;
				CLANG_WARN_CONSTANT_CONVERSION = YES;
				CLANG_WARN_DEPRECATED_OBJC_IMPLEMENTATIONS = YES;
				CLANG_WARN_DIRECT_OBJC_ISA_USAGE = YES_ERROR;
				CLANG_WARN_DOCUMENTATION_COMMENTS = YES;
				CLANG_WARN_EMPTY_BODY = YES;
				CLANG_WARN_ENUM_CONVERSION = YES;
				CLANG_WARN_INFINITE_RECURSION = YES;
				CLANG_WARN_INT_CONVERSION = YES;
				CLANG_WARN_NON_LITERAL_NULL_CONVERSION = YES;
				CLANG_WARN_OBJC_IMPLICIT_RETAIN_SELF = YES;
				CLANG_WARN_OBJC_LITERAL_CONVERSION = YES;
				CLANG_WARN_OBJC_ROOT_CLASS = YES_ERROR;
				CLANG_WARN_QUOTED_INCLUDE_IN_FRAMEWORK_HEADER = YES;
				CLANG_WARN_RANGE_LOOP_ANALYSIS = YES;
				CLANG_WARN_STRICT_PROTOTYPES = YES;
				CLANG_WARN_SUSPICIOUS_MOVE = YES;
				CLANG_WARN_UNGUARDED_AVAILABILITY = YES_AGGRESSIVE;
				CLANG_WARN_UNREACHABLE_CODE = YES;
				CLANG_WARN__DUPLICATE_METHOD_MATCH = YES;
				COPY_PHASE_STRIP = NO;
				DEBUG_INFORMATION_FORMAT = "dwarf-with-dsym";
				DEVELOPMENT_TEAM = 4PH45P8V5Q;
				ENABLE_NS_ASSERTIONS = NO;
				ENABLE_STRICT_OBJC_MSGSEND = YES;
				ENABLE_USER_SCRIPT_SANDBOXING = YES;
				GCC_C_LANGUAGE_STANDARD = gnu17;
				GCC_NO_COMMON_BLOCKS = YES;
				GCC_WARN_64_TO_32_BIT_CONVERSION = YES;
				GCC_WARN_ABOUT_RETURN_TYPE = YES_ERROR;
				GCC_WARN_UNDECLARED_SELECTOR = YES;
				GCC_WARN_UNINITIALIZED_AUTOS = YES_AGGRESSIVE;
				GCC_WARN_UNUSED_FUNCTION = YES;
				GCC_WARN_UNUSED_VARIABLE = YES;
				LOCALIZATION_PREFERS_STRING_CATALOGS = YES;
				MACOSX_DEPLOYMENT_TARGET = 15.5;
				MTL_ENABLE_DEBUG_INFO = NO;
				MTL_FAST_MATH = YES;
				SDKROOT = macosx;
				SWIFT_COMPILATION_MODE = wholemodule;
			};
			name = Release;
		};
		E82B1B0F2EE9DD5000663953 /* Debug */ = {
			isa = XCBuildConfiguration;
			buildSettings = {
				ASSETCATALOG_COMPILER_APPICON_NAME = AppIcon;
				ASSETCATALOG_COMPILER_GLOBAL_ACCENT_COLOR_NAME = AccentColor;
				CODE_SIGN_ENTITLEMENTS = AutoQuitController/AutoQuitController.entitlements;
				CODE_SIGN_STYLE = Automatic;
				COMBINE_HIDPI_IMAGES = YES;
				CURRENT_PROJECT_VERSION = 1;
				DEVELOPMENT_TEAM = 4PH45P8V5Q;
				ENABLE_HARDENED_RUNTIME = YES;
				ENABLE_PREVIEWS = YES;
				GENERATE_INFOPLIST_FILE = YES;
				INFOPLIST_KEY_NSHumanReadableCopyright = "";
				LD_RUNPATH_SEARCH_PATHS = (
					"$(inherited)",
					"@executable_path/../Frameworks",
				);
				MARKETING_VERSION = 1.0;
				PRODUCT_BUNDLE_IDENTIFIER = com.tipsio.AutoQuitController;
				PRODUCT_NAME = "$(TARGET_NAME)";
				REGISTER_APP_GROUPS = YES;
				SWIFT_EMIT_LOC_STRINGS = YES;
				SWIFT_VERSION = 5.0;
			};
			name = Debug;
		};
		E82B1B102EE9DD5000663953 /* Release */ = {
			isa = XCBuildConfiguration;
			buildSettings = {
				ASSETCATALOG_COMPILER_APPICON_NAME = AppIcon;
				ASSETCATALOG_COMPILER_GLOBAL_ACCENT_COLOR_NAME = AccentColor;
				CODE_SIGN_ENTITLEMENTS = AutoQuitController/AutoQuitController.entitlements;
				CODE_SIGN_STYLE = Automatic;
				COMBINE_HIDPI_IMAGES = YES;
				CURRENT_PROJECT_VERSION = 1;
				DEVELOPMENT_TEAM = 4PH45P8V5Q;
				ENABLE_HARDENED_RUNTIME = YES;
				ENABLE_PREVIEWS = YES;
				GENERATE_INFOPLIST_FILE = YES;
				INFOPLIST_KEY_NSHumanReadableCopyright = "";
				LD_RUNPATH_SEARCH_PATHS = (
					"$(inherited)",
					"@executable_path/../Frameworks",
				);
				MARKETING_VERSION = 1.0;
				PRODUCT_BUNDLE_IDENTIFIER = com.tipsio.AutoQuitController;
				PRODUCT_NAME = "$(TARGET_NAME)";
				REGISTER_APP_GROUPS = YES;
				SWIFT_EMIT_LOC_STRINGS = YES;
				SWIFT_VERSION = 5.0;
			};
			name = Release;
		};
		E82B1B122EE9DD5000663953 /* Debug */ = {
			isa = XCBuildConfiguration;
			buildSettings = {
				BUNDLE_LOADER = "$(TEST_HOST)";
				CODE_SIGN_STYLE = Automatic;
				CURRENT_PROJECT_VERSION = 1;
				DEVELOPMENT_TEAM = 4PH45P8V5Q;
				GENERATE_INFOPLIST_FILE = YES;
				MACOSX_DEPLOYMENT_TARGET = 15.5;
				MARKETING_VERSION = 1.0;
				PRODUCT_BUNDLE_IDENTIFIER = com.tipsio.AutoQuitControllerTests;
				PRODUCT_NAME = "$(TARGET_NAME)";
				SWIFT_EMIT_LOC_STRINGS = NO;
				SWIFT_VERSION = 5.0;
				TEST_HOST = "$(BUILT_PRODUCTS_DIR)/AutoQuitController.app/$(BUNDLE_EXECUTABLE_FOLDER_PATH)/AutoQuitController";
			};
			name = Debug;
		};
		E82B1B132EE9DD5000663953 /* Release */ = {
			isa = XCBuildConfiguration;
			buildSettings = {
				BUNDLE_LOADER = "$(TEST_HOST)";
				CODE_SIGN_STYLE = Automatic;
				CURRENT_PROJECT_VERSION = 1;
				DEVELOPMENT_TEAM = 4PH45P8V5Q;
				GENERATE_INFOPLIST_FILE = YES;
				MACOSX_DEPLOYMENT_TARGET = 15.5;
				MARKETING_VERSION = 1.0;
				PRODUCT_BUNDLE_IDENTIFIER = com.tipsio.AutoQuitControllerTests;
				PRODUCT_NAME = "$(TARGET_NAME)";
				SWIFT_EMIT_LOC_STRINGS = NO;
				SWIFT_VERSION = 5.0;
				TEST_HOST = "$(BUILT_PRODUCTS_DIR)/AutoQuitController.app/$(BUNDLE_EXECUTABLE_FOLDER_PATH)/AutoQuitController";
			};
			name = Release;
		};
		E82B1B152EE9DD5000663953 /* Debug */ = {
			isa = XCBuildConfiguration;
			buildSettings = {
				CODE_SIGN_STYLE = Automatic;
				CURRENT_PROJECT_VERSION = 1;
				DEVELOPMENT_TEAM = 4PH45P8V5Q;
				GENERATE_INFOPLIST_FILE = YES;
				MARKETING_VERSION = 1.0;
				PRODUCT_BUNDLE_IDENTIFIER = com.tipsio.AutoQuitControllerUITests;
				PRODUCT_NAME = "$(TARGET_NAME)";
				SWIFT_EMIT_LOC_STRINGS = NO;
				SWIFT_VERSION = 5.0;
				TEST_TARGET_NAME = AutoQuitController;
			};
			name = Debug;
		};
		E82B1B162EE9DD5000663953 /* Release */ = {
			isa = XCBuildConfiguration;
			buildSettings = {
				CODE_SIGN_STYLE = Automatic;
				CURRENT_PROJECT_VERSION = 1;
				DEVELOPMENT_TEAM = 4PH45P8V5Q;
				GENERATE_INFOPLIST_FILE = YES;
				MARKETING_VERSION = 1.0;
				PRODUCT_BUNDLE_IDENTIFIER = com.tipsio.AutoQuitControllerUITests;
				PRODUCT_NAME = "$(TARGET_NAME)";
				SWIFT_EMIT_LOC_STRINGS = NO;
				SWIFT_VERSION = 5.0;
				TEST_TARGET_NAME = AutoQuitController;
			};
			name = Release;
		};
/* End XCBuildConfiguration section */

/* Begin XCConfigurationList section */
		E82B1AE72EE9DD4F00663953 /* Build configuration list for PBXProject "AutoQuitController" */ = {
			isa = XCConfigurationList;
			buildConfigurations = (
				E82B1B0C2EE9DD5000663953 /* Debug */,
				E82B1B0D2EE9DD5000663953 /* Release */,
			);
			defaultConfigurationIsVisible = 0;
			defaultConfigurationName = Release;
		};
		E82B1B0E2EE9DD5000663953 /* Build configuration list for PBXNativeTarget "AutoQuitController" */ = {
			isa = XCConfigurationList;
			buildConfigurations = (
				E82B1B0F2EE9DD5000663953 /* Debug */,
				E82B1B102EE9DD5000663953 /* Release */,
			);
			defaultConfigurationIsVisible = 0;
			defaultConfigurationName = Release;
		};
		E82B1B112EE9DD5000663953 /* Build configuration list for PBXNativeTarget "AutoQuitControllerTests" */ = {
			isa = XCConfigurationList;
			buildConfigurations = (
				E82B1B122EE9DD5000663953 /* Debug */,
				E82B1B132EE9DD5000663953 /* Release */,
			);
			defaultConfigurationIsVisible = 0;
			defaultConfigurationName = Release;
		};
		E82B1B142EE9DD5000663953 /* Build configuration list for PBXNativeTarget "AutoQuitControllerUITests" */ = {
			isa = XCConfigurationList;
			buildConfigurations = (
				E82B1B152EE9DD5000663953 /* Debug */,
				E82B1B162EE9DD5000663953 /* Release */,
			);
			defaultConfigurationIsVisible = 0;
			defaultConfigurationName = Release;
		};
/* End XCConfigurationList section */
	};
	rootObject = E82B1AE42EE9DD4F00663953 /* Project object */;
}
